
Microsoft Visual Studio Solution File, Format Version 12.00
# Visual Studio Version 17
VisualStudioVersion = 17.1.32210.238
MinimumVisualStudioVersion = 10.0.40219.1
Project("{9A19103F-16F7-4668-BE54-9A1E7A4F7556}") = "Chia-Metadata", "Chia-Metadata\Chia-Metadata.csproj", "{E71E9A07-8B6B-4CD0-A834-CB0ED6EDAB49}"
EndProject
Global
	GlobalSection(SolutionConfigurationPlatforms) = preSolution
		Debug|Any CPU = Debug|Any CPU
		Release|Any CPU = Release|Any CPU
	EndGlobalSection
	GlobalSection(ProjectConfigurationPlatforms) = postSolution
		{E71E9A07-8B6B-4CD0-A834-CB0ED6EDAB49}.Debug|Any CPU.ActiveCfg = Debug|Any CPU
		{E71E9A07-8B6B-4CD0-A834-CB0ED6EDAB49}.Debug|Any CPU.Build.0 = Debug|Any CPU
		{E71E9A07-8B6B-4CD0-A834-CB0ED6EDAB49}.Release|Any CPU.ActiveCfg = Release|Any CPU
		{E71E9A07-8B6B-4CD0-A834-CB0ED6EDAB49}.Release|Any CPU.Build.0 = Release|Any CPU
	EndGlobalSection
	GlobalSection(SolutionProperties) = preSolution
		HideSolutionNode = FALSE
	EndGlobalSection
	GlobalSection(ExtensibilityGlobals) = postSolution
		SolutionGuid = {66BC4D16-68D9-43BF-A861-7BD22D191AE5}
	EndGlobalSection
EndGlobal
